{
  "requires": true,
  "lockfileVersion": 1,
  "dependencies": {
    "echarts": {
      "version": "4.4.0",
      "resolved": "https://registry.npm.taobao.org/echarts/download/echarts-4.4.0.tgz",
      "integrity": "sha1-1SYFZs7wuY9aALrxtQEOksHCNmE=",
      "requires": {
        "zrender": "4.1.1"
      }
    },
    "zrender": {
      "version": "4.1.1",
      "resolved": "https://registry.npm.taobao.org/zrender/download/zrender-4.1.1.tgz",
      "integrity": "sha1-IB5YpVzxp+lz4dutPBVZbvh3n1Q="
    }
  }
}
